schema: '2.0'
stages:
  load_data:
    cmd: python src/stages/load_data.py --config=params.yaml
    deps:
    - path: src/stages/load_data.py
      hash: md5
      md5: fa671c78b446f1a6ac3ab535055a7141
      size: 2939
    params:
      params.yaml:
        load_data:
          path: data/cleaned_data
        trainer:
          out_dir: artifacts/sentiment_classifier
          reports_dir: reports
          num_labels: 2
          labels:
          - very_negative
          - negative
          - nutral
          - positive
          - very_positive
          three_class_labels:
          - negative
          - nutral
          - positive
          binary_labels:
          - negative
          - positive
          batch_size: 64
          num_epochs: 2
          learning_rate: 5e-05
    outs:
    - path: data/cleaned_data
      hash: md5
      md5: d1f809ec8393cb193358e9b0a730b181.dir
      size: 1262333
      nfiles: 3
  tokenize_data:
    cmd: python src/stages/preprocessing_data.py --config=params.yaml
    deps:
    - path: data/cleaned_data
      hash: md5
      md5: d1f809ec8393cb193358e9b0a730b181.dir
      size: 1262333
      nfiles: 3
    - path: src/stages/preprocessing_data.py
      hash: md5
      md5: 1d7a7c80e3f8874253e49687f884dadb
      size: 1408
    params:
      params.yaml:
        tokenize_data:
          path: data/tokenized_data
    outs:
    - path: data/tokenized_data
      hash: md5
      md5: a0246289ac9ec0cceaf5c2937d4e13f7.dir
      size: 7581760
      nfiles: 3
  train:
    cmd: python src/stages/trainer.py --config=params.yaml
    deps:
    - path: data/tokenized_data
      hash: md5
      md5: a0246289ac9ec0cceaf5c2937d4e13f7.dir
      size: 7581760
      nfiles: 3
    - path: src/models/Trainer.py
      hash: md5
      md5: 7e91b26bf166e260d88fc94676ae09f3
      size: 7307
    - path: src/models/modeling_bert.py
      hash: md5
      md5: cad06487c458b7854cc513320b06d6fa
      size: 71341
    - path: src/stages/trainer.py
      hash: md5
      md5: 3d472c42972f0cfee72a0ac33d4e573f
      size: 512
    params:
      params.yaml:
        trainer:
          out_dir: artifacts/sentiment_classifier
          reports_dir: reports
          num_labels: 2
          labels:
          - very_negative
          - negative
          - nutral
          - positive
          - very_positive
          three_class_labels:
          - negative
          - nutral
          - positive
          binary_labels:
          - negative
          - positive
          batch_size: 64
          num_epochs: 2
          learning_rate: 5e-05
    outs:
    - path: artifacts/sentiment_classifier
      hash: md5
      md5: 49b61f7364a607f158997bcfc4e020a0.dir
      size: 438004352
      nfiles: 2
    - path: reports/eval_loss.csv
      hash: md5
      md5: 53975415733085989d2615dd81d10058
      size: 812
    - path: reports/train_loss.csv
      hash: md5
      md5: 241fd0de2780c145b20ef85eb470c920
      size: 6182
  test_data:
    cmd: python src/stages/test_model.py --config="params.yaml" --predict="i love
      thos movie"
    deps:
    - path: artifacts/sentiment_classifier
      hash: md5
      md5: aad4b26bccfd306fb373c932e86f2d30.dir
      size: 438013704
      nfiles: 2
    - path: src/stages/test_model.py
      hash: md5
      md5: 020122af352950c2e052977c5f848a0d
      size: 3675
    params:
      params.yaml:
        tester:
          predicionts_dir: predictions
          pridData: reports/predictions
    outs:
    - path: predictions/scores.png
      hash: md5
      md5: 26c9bc35c66e32f0b4825945c610949a
      size: 14897
    - path: reports/predictions
      hash: md5
      md5: 99cc03c3bdbc25c8d3a1648bc40311b7.dir
      size: 178
      nfiles: 1
